Microsoft Visual Studio Solution File, Format Version 12.00
# Visual Studio Version 16
VisualStudioVersion = 16.0.0.0
MinimumVisualStudioVersion = 16.0.0.0
Project("{9A19103F-16F7-4668-BE54-9A1E7A4F7556}") = "BlazorWebAssemblySignalRApp.Server", "Server\BlazorWebAssemblySignalRApp.Server.csproj", "{DD2B09A0-1EA5-4B6F-B831-6351B482B58D}"
EndProject
Project("{9A19103F-16F7-4668-BE54-9A1E7A4F7556}") = "BlazorWebAssemblySignalRApp.Client", "Client\BlazorWebAssemblySignalRApp.Client.csproj", "{982C6650-3799-4D7C-920A-1155209C4B74}"
EndProject
Project("{9A19103F-16F7-4668-BE54-9A1E7A4F7556}") = "BlazorWebAssemblySignalRApp.Shared", "Shared\BlazorWebAssemblySignalRApp.Shared.csproj", "{195327D5-DB7E-4E04-93A3-43889F215262}"
EndProject
Global
	GlobalSection(SolutionConfigurationPlatforms) = preSolution
		Debug|Any CPU = Debug|Any CPU
		Debug|x64 = Debug|x64
		Debug|x86 = Debug|x86
		Release|Any CPU = Release|Any CPU
		Release|x64 = Release|x64
		Release|x86 = Release|x86
	EndGlobalSection
	GlobalSection(ProjectConfigurationPlatforms) = postSolution
		{982C6650-3799-4D7C-920A-1155209C4B74}.Debug|Any CPU.ActiveCfg = Debug|Any CPU
		{982C6650-3799-4D7C-920A-1155209C4B74}.Debug|Any CPU.Build.0 = Debug|Any CPU
		{982C6650-3799-4D7C-920A-1155209C4B74}.Debug|x64.ActiveCfg = Debug|Any CPU
		{982C6650-3799-4D7C-920A-1155209C4B74}.Debug|x64.Build.0 = Debug|Any CPU
		{982C6650-3799-4D7C-920A-1155209C4B74}.Debug|x86.ActiveCfg = Debug|Any CPU
		{982C6650-3799-4D7C-920A-1155209C4B74}.Debug|x86.Build.0 = Debug|Any CPU
		{982C6650-3799-4D7C-920A-1155209C4B74}.Release|Any CPU.ActiveCfg = Release|Any CPU
		{982C6650-3799-4D7C-920A-1155209C4B74}.Release|Any CPU.Build.0 = Release|Any CPU
		{982C6650-3799-4D7C-920A-1155209C4B74}.Release|x64.ActiveCfg = Release|Any CPU
		{982C6650-3799-4D7C-920A-1155209C4B74}.Release|x64.Build.0 = Release|Any CPU
		{982C6650-3799-4D7C-920A-1155209C4B74}.Release|x86.ActiveCfg = Release|Any CPU
		{982C6650-3799-4D7C-920A-1155209C4B74}.Release|x86.Build.0 = Release|Any CPU
		{DD2B09A0-1EA5-4B6F-B831-6351B482B58D}.Debug|Any CPU.ActiveCfg = Debug|Any CPU
		{DD2B09A0-1EA5-4B6F-B831-6351B482B58D}.Debug|Any CPU.Build.0 = Debug|Any CPU
		{DD2B09A0-1EA5-4B6F-B831-6351B482B58D}.Debug|x64.ActiveCfg = Debug|Any CPU
		{DD2B09A0-1EA5-4B6F-B831-6351B482B58D}.Debug|x64.Build.0 = Debug|Any CPU
		{DD2B09A0-1EA5-4B6F-B831-6351B482B58D}.Debug|x86.ActiveCfg = Debug|Any CPU
		{DD2B09A0-1EA5-4B6F-B831-6351B482B58D}.Debug|x86.Build.0 = Debug|Any CPU
		{DD2B09A0-1EA5-4B6F-B831-6351B482B58D}.Release|Any CPU.ActiveCfg = Release|Any CPU
		{DD2B09A0-1EA5-4B6F-B831-6351B482B58D}.Release|Any CPU.Build.0 = Release|Any CPU
		{DD2B09A0-1EA5-4B6F-B831-6351B482B58D}.Release|x64.ActiveCfg = Release|Any CPU
		{DD2B09A0-1EA5-4B6F-B831-6351B482B58D}.Release|x64.Build.0 = Release|Any CPU
		{DD2B09A0-1EA5-4B6F-B831-6351B482B58D}.Release|x86.ActiveCfg = Release|Any CPU
		{DD2B09A0-1EA5-4B6F-B831-6351B482B58D}.Release|x86.Build.0 = Release|Any CPU
		{195327D5-DB7E-4E04-93A3-43889F215262}.Debug|Any CPU.ActiveCfg = Debug|Any CPU
		{195327D5-DB7E-4E04-93A3-43889F215262}.Debug|Any CPU.Build.0 = Debug|Any CPU
		{195327D5-DB7E-4E04-93A3-43889F215262}.Debug|x64.ActiveCfg = Debug|Any CPU
		{195327D5-DB7E-4E04-93A3-43889F215262}.Debug|x64.Build.0 = Debug|Any CPU
		{195327D5-DB7E-4E04-93A3-43889F215262}.Debug|x86.ActiveCfg = Debug|Any CPU
		{195327D5-DB7E-4E04-93A3-43889F215262}.Debug|x86.Build.0 = Debug|Any CPU
		{195327D5-DB7E-4E04-93A3-43889F215262}.Release|Any CPU.ActiveCfg = Release|Any CPU
		{195327D5-DB7E-4E04-93A3-43889F215262}.Release|Any CPU.Build.0 = Release|Any CPU
		{195327D5-DB7E-4E04-93A3-43889F215262}.Release|x64.ActiveCfg = Release|Any CPU
		{195327D5-DB7E-4E04-93A3-43889F215262}.Release|x64.Build.0 = Release|Any CPU
		{195327D5-DB7E-4E04-93A3-43889F215262}.Release|x86.ActiveCfg = Release|Any CPU
		{195327D5-DB7E-4E04-93A3-43889F215262}.Release|x86.Build.0 = Release|Any CPU
	EndGlobalSection
	GlobalSection(SolutionProperties) = preSolution
		HideSolutionNode = FALSE
	EndGlobalSection
	GlobalSection(ExtensibilityGlobals) = postSolution
		SolutionGuid = {8FFC30BF-A16C-4FE2-87E6-332621874097}
	EndGlobalSection
EndGlobal